
Microsoft Visual Studio Solution File, Format Version 12.00
# Visual Studio Version 17
VisualStudioVersion = 17.14.36203.30
MinimumVisualStudioVersion = 10.0.40219.1
Project("{FAE04EC0-301F-11D3-BF4B-00C04F79EFBC}") = "el dt by menardi y tello", "el dt by menardi y tello.csproj", "{1C3912F5-3F7C-9613-EA2D-E413534CF0B2}"
EndProject
Project("{FAE04EC0-301F-11D3-BF4B-00C04F79EFBC}") = "Core", "..\Core\Core.csproj", "{D5731C0E-5492-25B1-FA4D-E8F72BDD01C6}"
EndProject
Project("{FAE04EC0-301F-11D3-BF4B-00C04F79EFBC}") = "Repo", "..\Repo\Repo.csproj", "{ADBF50D4-2EFC-7690-67DB-80208DE9A940}"
EndProject
Global
	GlobalSection(SolutionConfigurationPlatforms) = preSolution
		Debug|Any CPU = Debug|Any CPU
		Release|Any CPU = Release|Any CPU
	EndGlobalSection
	GlobalSection(ProjectConfigurationPlatforms) = postSolution
		{1C3912F5-3F7C-9613-EA2D-E413534CF0B2}.Debug|Any CPU.ActiveCfg = Debug|Any CPU
		{1C3912F5-3F7C-9613-EA2D-E413534CF0B2}.Debug|Any CPU.Build.0 = Debug|Any CPU
		{1C3912F5-3F7C-9613-EA2D-E413534CF0B2}.Release|Any CPU.ActiveCfg = Release|Any CPU
		{1C3912F5-3F7C-9613-EA2D-E413534CF0B2}.Release|Any CPU.Build.0 = Release|Any CPU
		{D5731C0E-5492-25B1-FA4D-E8F72BDD01C6}.Debug|Any CPU.ActiveCfg = Debug|Any CPU
		{D5731C0E-5492-25B1-FA4D-E8F72BDD01C6}.Debug|Any CPU.Build.0 = Debug|Any CPU
		{D5731C0E-5492-25B1-FA4D-E8F72BDD01C6}.Release|Any CPU.ActiveCfg = Release|Any CPU
		{D5731C0E-5492-25B1-FA4D-E8F72BDD01C6}.Release|Any CPU.Build.0 = Release|Any CPU
		{ADBF50D4-2EFC-7690-67DB-80208DE9A940}.Debug|Any CPU.ActiveCfg = Debug|Any CPU
		{ADBF50D4-2EFC-7690-67DB-80208DE9A940}.Debug|Any CPU.Build.0 = Debug|Any CPU
		{ADBF50D4-2EFC-7690-67DB-80208DE9A940}.Release|Any CPU.ActiveCfg = Release|Any CPU
		{ADBF50D4-2EFC-7690-67DB-80208DE9A940}.Release|Any CPU.Build.0 = Release|Any CPU
	EndGlobalSection
	GlobalSection(SolutionProperties) = preSolution
		HideSolutionNode = FALSE
	EndGlobalSection
	GlobalSection(ExtensibilityGlobals) = postSolution
		SolutionGuid = {F2DC47C0-A4EB-4C93-B75D-57CF6EF64397}
	EndGlobalSection
EndGlobal
